{
  "version": 4,
  "terraform_version": "1.3.9",
  "serial": 1,
  "lineage": "32d4b7c0-7965-d244-037d-c223f158b327",
  "outputs": {},
  "resources": [
    {
      "mode": "managed",
      "type": "aws_vpc",
      "name": "spline_vpc",
      "provider": "provider[\"registry.terraform.io/hashicorp/aws\"]",
      "instances": [
        {
          "schema_version": 1,
          "attributes": {
            "arn": "arn:aws:ec2:us-east-1:990860994492:vpc/vpc-089ece72bd0910f94",
            "assign_generated_ipv6_cidr_block": false,
            "cidr_block": "10.192.8.0/23",
            "default_network_acl_id": "acl-0d0aedb067764e119",
            "default_route_table_id": "rtb-0267c188ca5d9359a",
            "default_security_group_id": "sg-07a13f746b773fed2",
            "dhcp_options_id": "dopt-0051b71064110b0f4",
            "enable_classiclink": false,
            "enable_classiclink_dns_support": false,
            "enable_dns_hostnames": false,
            "enable_dns_support": true,
            "enable_network_address_usage_metrics": false,
            "id": "vpc-089ece72bd0910f94",
            "instance_tenancy": "default",
            "ipv4_ipam_pool_id": null,
            "ipv4_netmask_length": null,
            "ipv6_association_id": "",
            "ipv6_cidr_block": "",
            "ipv6_cidr_block_network_border_group": "",
            "ipv6_ipam_pool_id": "",
            "ipv6_netmask_length": 0,
            "main_route_table_id": "rtb-0267c188ca5d9359a",
            "owner_id": "990860994492",
            "tags": null,
            "tags_all": {}
          },
          "sensitive_attributes": [],
          "private": "eyJzY2hlbWFfdmVyc2lvbiI6IjEifQ=="
        }
      ]
    }
  ],
  "check_results": null
}
